
Microsoft Visual Studio Solution File, Format Version 12.00
# Visual Studio Version 17
VisualStudioVersion = 17.0.31903.59
MinimumVisualStudioVersion = 10.0.40219.1
Project("{FAE04EC0-301F-11D3-BF4B-00C04F79EFBC}") = "HubieTest.Dal", "HubieTest.Dal\HubieTest.Dal.csproj", "{A1B2C3D4-0001-4A10-9B00-000000000DA1}"
EndProject
Project("{FAE04EC0-301F-11D3-BF4B-00C04F79EFBC}") = "HubieTest.Business", "HubieTest.Business\HubieTest.Business.csproj", "{A1B2C3D4-0002-4A10-9B00-000000000DA2}"
EndProject
Project("{FAE04EC0-301F-11D3-BF4B-00C04F79EFBC}") = "HubieTest.Web", "HubieTest.Web\HubieTest.Web.csproj", "{A1B2C3D4-0003-4A10-9B00-000000000DA3}"
EndProject
Global
	GlobalSection(SolutionConfigurationPlatforms) = preSolution
		Debug|Any CPU = Debug|Any CPU
		Release|Any CPU = Release|Any CPU
	EndGlobalSection
	GlobalSection(ProjectConfigurationPlatforms) = postSolution
		{A1B2C3D4-0001-4A10-9B00-000000000DA1}.Debug|Any CPU.ActiveCfg = Debug|Any CPU
		{A1B2C3D4-0001-4A10-9B00-000000000DA1}.Debug|Any CPU.Build.0 = Debug|Any CPU
		{A1B2C3D4-0001-4A10-9B00-000000000DA1}.Release|Any CPU.ActiveCfg = Release|Any CPU
		{A1B2C3D4-0001-4A10-9B00-000000000DA1}.Release|Any CPU.Build.0 = Release|Any CPU
		{A1B2C3D4-0002-4A10-9B00-000000000DA2}.Debug|Any CPU.ActiveCfg = Debug|Any CPU
		{A1B2C3D4-0002-4A10-9B00-000000000DA2}.Debug|Any CPU.Build.0 = Debug|Any CPU
		{A1B2C3D4-0002-4A10-9B00-000000000DA2}.Release|Any CPU.ActiveCfg = Release|Any CPU
		{A1B2C3D4-0002-4A10-9B00-000000000DA2}.Release|Any CPU.Build.0 = Release|Any CPU
		{A1B2C3D4-0003-4A10-9B00-000000000DA3}.Debug|Any CPU.ActiveCfg = Debug|Any CPU
		{A1B2C3D4-0003-4A10-9B00-000000000DA3}.Debug|Any CPU.Build.0 = Debug|Any CPU
		{A1B2C3D4-0003-4A10-9B00-000000000DA3}.Release|Any CPU.ActiveCfg = Release|Any CPU
		{A1B2C3D4-0003-4A10-9B00-000000000DA3}.Release|Any CPU.Build.0 = Release|Any CPU
	EndGlobalSection
	GlobalSection(SolutionProperties) = preSolution
		HideSolutionNode = FALSE
	EndGlobalSection
EndGlobal
